# THIS IS AN AUTOGENERATED FILE. DO NOT EDIT THIS FILE DIRECTLY.
# yarn lockfile v1


lodash@^4.17.11:
  version "4.17.11"
  resolved "http://registry.npm.taobao.org/lodash/download/lodash-4.17.11.tgz#b39ea6229ef607ecd89e2c8df12536891cac9b8d"

lokijs@^1.5.5:
  version "1.5.5"
  resolved "http://registry.npm.taobao.org/lokijs/download/lokijs-1.5.5.tgz#1c21f82af7579037fade7b9e4813485c23708bb6"

moment@^2.22.2:
  version "2.22.2"
  resolved "http://registry.npm.taobao.org/moment/download/moment-2.22.2.tgz#3c257f9839fc0e93ff53149632239eb90783ff66"
